
Microsoft Visual Studio Solution File, Format Version 12.00
# Visual Studio Version 17
VisualStudioVersion = 17.0.31512.422
MinimumVisualStudioVersion = 10.0.40219.1
Project("{9A19103F-16F7-4668-BE54-9A1E7A4F7556}") = "TextConstraints", "TextConstraints\TextConstraints.csproj", "{F61E97E3-0219-40C2-A76D-A0A7101A70B2}"
EndProject
Global
	GlobalSection(SolutionConfigurationPlatforms) = preSolution
		Debug|Any CPU = Debug|Any CPU
		Release|Any CPU = Release|Any CPU
	EndGlobalSection
	GlobalSection(ProjectConfigurationPlatforms) = postSolution
		{F61E97E3-0219-40C2-A76D-A0A7101A70B2}.Debug|Any CPU.ActiveCfg = Debug|Any CPU
		{F61E97E3-0219-40C2-A76D-A0A7101A70B2}.Debug|Any CPU.Build.0 = Debug|Any CPU
		{F61E97E3-0219-40C2-A76D-A0A7101A70B2}.Release|Any CPU.ActiveCfg = Release|Any CPU
		{F61E97E3-0219-40C2-A76D-A0A7101A70B2}.Release|Any CPU.Build.0 = Release|Any CPU
	EndGlobalSection
	GlobalSection(SolutionProperties) = preSolution
		HideSolutionNode = FALSE
	EndGlobalSection
	GlobalSection(ExtensibilityGlobals) = postSolution
		SolutionGuid = {B4767C1B-AEE0-42E1-9C2F-DD4E75B919BC}
	EndGlobalSection
EndGlobal
